// !$*UTF8*$!
{
	archiveVersion = 1;
	classes = {
	};
	objectVersion = 46;
	objects = {

/* Begin PBXBuildFile section */
		8D01CCCE0486CAD60068D4B7 /* Carbon.framework in Frameworks */ = {isa = PBXBuildFile; fileRef = 08EA7FFBFE8413EDC02AAC07 /* Carbon.framework */; };
		C2CB7CFF16BBE76F00EE3E26 /* gui_unix.c in Sources */ = {isa = PBXBuildFile; fileRef = C2CB7CFA16BBE76F00EE3E26 /* gui_unix.c */; };
		C2CB7D0016BBE76F00EE3E26 /* gui_win32.c in Sources */ = {isa = PBXBuildFile; fileRef = C2CB7CFC16BBE76F00EE3E26 /* gui_win32.c */; };
		C38949E216B80E17007D73A5 /* base_64.c in Sources */ = {isa = PBXBuildFile; fileRef = C38949BF16B80E17007D73A5 /* base_64.c */; };
		C38949E316B80E17007D73A5 /* base.c in Sources */ = {isa = PBXBuildFile; fileRef = C38949D016B80E17007D73A5 /* base.c */; };
		C38949E416B80E17007D73A5 /* util.c in Sources */ = {isa = PBXBuildFile; fileRef = C38949D316B80E17007D73A5 /* util.c */; };
		C38949E516B80E17007D73A5 /* print_unix.c in Sources */ = {isa = PBXBuildFile; fileRef = C38949D716B80E17007D73A5 /* print_unix.c */; };
		C38949E616B80E17007D73A5 /* print_win32.c in Sources */ = {isa = PBXBuildFile; fileRef = C38949D916B80E17007D73A5 /* print_win32.c */; };
		C38949E716B80E17007D73A5 /* colony_icon_48.png in Resources */ = {isa = PBXBuildFile; fileRef = C38949DD16B80E17007D73A5 /* colony_icon_48.png */; };
		C38949E816B80E17007D73A5 /* colony_npapi.def in Resources */ = {isa = PBXBuildFile; fileRef = C38949E016B80E17007D73A5 /* colony_npapi.def */; };
		C38949E916B80E17007D73A5 /* colony_npapi.rc in Resources */ = {isa = PBXBuildFile; fileRef = C38949E116B80E17007D73A5 /* colony_npapi.rc */; };
		C38949FA16B81088007D73A5 /* stdafx.c in Sources */ = {isa = PBXBuildFile; fileRef = C38949F716B81088007D73A5 /* stdafx.c */; };
		C3FDE4A316B83217006D0BC4 /* libcups.dylib in Frameworks */ = {isa = PBXBuildFile; fileRef = C3FDE4A216B83217006D0BC4 /* libcups.dylib */; };
/* End PBXBuildFile section */

/* Begin PBXFileReference section */
		08EA7FFBFE8413EDC02AAC07 /* Carbon.framework */ = {isa = PBXFileReference; lastKnownFileType = wrapper.framework; name = Carbon.framework; path = /System/Library/Frameworks/Carbon.framework; sourceTree = "<absolute>"; };
		8D01CCD20486CAD60068D4B7 /* colony_npapi.bundle */ = {isa = PBXFileReference; explicitFileType = wrapper.cfbundle; includeInIndex = 0; path = colony_npapi.bundle; sourceTree = BUILT_PRODUCTS_DIR; };
		C2CB7CFA16BBE76F00EE3E26 /* gui_unix.c */ = {isa = PBXFileReference; fileEncoding = 4; lastKnownFileType = sourcecode.c.c; path = gui_unix.c; sourceTree = "<group>"; };
		C2CB7CFB16BBE76F00EE3E26 /* gui_unix.h */ = {isa = PBXFileReference; fileEncoding = 4; lastKnownFileType = sourcecode.c.h; path = gui_unix.h; sourceTree = "<group>"; };
		C2CB7CFC16BBE76F00EE3E26 /* gui_win32.c */ = {isa = PBXFileReference; fileEncoding = 4; lastKnownFileType = sourcecode.c.c; path = gui_win32.c; sourceTree = "<group>"; };
		C2CB7CFD16BBE76F00EE3E26 /* gui_win32.h */ = {isa = PBXFileReference; fileEncoding = 4; lastKnownFileType = sourcecode.c.h; path = gui_win32.h; sourceTree = "<group>"; };
		C2CB7CFE16BBE76F00EE3E26 /* system.h */ = {isa = PBXFileReference; fileEncoding = 4; lastKnownFileType = sourcecode.c.h; path = system.h; sourceTree = "<group>"; };
		C38949BF16B80E17007D73A5 /* base_64.c */ = {isa = PBXFileReference; fileEncoding = 4; lastKnownFileType = sourcecode.c.c; path = base_64.c; sourceTree = "<group>"; };
		C38949C016B80E17007D73A5 /* base_64.h */ = {isa = PBXFileReference; fileEncoding = 4; lastKnownFileType = sourcecode.c.h; path = base_64.h; sourceTree = "<group>"; };
		C38949C116B80E17007D73A5 /* encoding.h */ = {isa = PBXFileReference; fileEncoding = 4; lastKnownFileType = sourcecode.c.h; path = encoding.h; sourceTree = "<group>"; };
		C38949C316B80E17007D73A5 /* compilation.h */ = {isa = PBXFileReference; fileEncoding = 4; lastKnownFileType = sourcecode.c.h; path = compilation.h; sourceTree = "<group>"; };
		C38949C416B80E17007D73A5 /* compiler.h */ = {isa = PBXFileReference; fileEncoding = 4; lastKnownFileType = sourcecode.c.h; path = compiler.h; sourceTree = "<group>"; };
		C38949C516B80E17007D73A5 /* cpu.h */ = {isa = PBXFileReference; fileEncoding = 4; lastKnownFileType = sourcecode.c.h; path = cpu.h; sourceTree = "<group>"; };
		C38949C616B80E17007D73A5 /* definitions.h */ = {isa = PBXFileReference; fileEncoding = 4; lastKnownFileType = sourcecode.c.h; path = definitions.h; sourceTree = "<group>"; };
		C38949C716B80E17007D73A5 /* platforms.h */ = {isa = PBXFileReference; fileEncoding = 4; lastKnownFileType = sourcecode.c.h; path = platforms.h; sourceTree = "<group>"; };
		C38949C816B80E17007D73A5 /* resource.h */ = {isa = PBXFileReference; fileEncoding = 4; lastKnownFileType = sourcecode.c.h; path = resource.h; sourceTree = "<group>"; };
		C38949C916B80E17007D73A5 /* targetver.h */ = {isa = PBXFileReference; fileEncoding = 4; lastKnownFileType = sourcecode.c.h; path = targetver.h; sourceTree = "<group>"; };
		C38949CB16B80E17007D73A5 /* npapi.h */ = {isa = PBXFileReference; fileEncoding = 4; lastKnownFileType = sourcecode.c.h; path = npapi.h; sourceTree = "<group>"; };
		C38949CC16B80E17007D73A5 /* npfunctions.h */ = {isa = PBXFileReference; fileEncoding = 4; lastKnownFileType = sourcecode.c.h; path = npfunctions.h; sourceTree = "<group>"; };
		C38949CD16B80E17007D73A5 /* npruntime.h */ = {isa = PBXFileReference; fileEncoding = 4; lastKnownFileType = sourcecode.c.h; path = npruntime.h; sourceTree = "<group>"; };
		C38949CE16B80E17007D73A5 /* nptypes.h */ = {isa = PBXFileReference; fileEncoding = 4; lastKnownFileType = sourcecode.c.h; path = nptypes.h; sourceTree = "<group>"; };
		C38949D016B80E17007D73A5 /* base.c */ = {isa = PBXFileReference; fileEncoding = 4; lastKnownFileType = sourcecode.c.c; path = base.c; sourceTree = "<group>"; };
		C38949D116B80E17007D73A5 /* base.h */ = {isa = PBXFileReference; fileEncoding = 4; lastKnownFileType = sourcecode.c.h; path = base.h; sourceTree = "<group>"; };
		C38949D216B80E17007D73A5 /* plugin.h */ = {isa = PBXFileReference; fileEncoding = 4; lastKnownFileType = sourcecode.c.h; path = plugin.h; sourceTree = "<group>"; };
		C38949D316B80E17007D73A5 /* util.c */ = {isa = PBXFileReference; fileEncoding = 4; lastKnownFileType = sourcecode.c.c; path = util.c; sourceTree = "<group>"; };
		C38949D416B80E17007D73A5 /* util.h */ = {isa = PBXFileReference; fileEncoding = 4; lastKnownFileType = sourcecode.c.h; path = util.h; sourceTree = "<group>"; };
		C38949D616B80E17007D73A5 /* print.h */ = {isa = PBXFileReference; fileEncoding = 4; lastKnownFileType = sourcecode.c.h; path = print.h; sourceTree = "<group>"; };
		C38949D716B80E17007D73A5 /* print_unix.c */ = {isa = PBXFileReference; fileEncoding = 4; lastKnownFileType = sourcecode.c.c; path = print_unix.c; sourceTree = "<group>"; };
		C38949D816B80E17007D73A5 /* print_unix.h */ = {isa = PBXFileReference; fileEncoding = 4; lastKnownFileType = sourcecode.c.h; path = print_unix.h; sourceTree = "<group>"; };
		C38949D916B80E17007D73A5 /* print_win32.c */ = {isa = PBXFileReference; fileEncoding = 4; lastKnownFileType = sourcecode.c.c; path = print_win32.c; sourceTree = "<group>"; };
		C38949DA16B80E17007D73A5 /* print_win32.h */ = {isa = PBXFileReference; fileEncoding = 4; lastKnownFileType = sourcecode.c.h; path = print_win32.h; sourceTree = "<group>"; };
		C38949DD16B80E17007D73A5 /* colony_icon_48.png */ = {isa = PBXFileReference; lastKnownFileType = image.png; path = colony_icon_48.png; sourceTree = "<group>"; };
		C38949E016B80E17007D73A5 /* colony_npapi.def */ = {isa = PBXFileReference; fileEncoding = 4; lastKnownFileType = text; path = colony_npapi.def; sourceTree = "<group>"; };
		C38949E116B80E17007D73A5 /* colony_npapi.rc */ = {isa = PBXFileReference; fileEncoding = 4; lastKnownFileType = text; path = colony_npapi.rc; sourceTree = "<group>"; };
		C38949F416B81088007D73A5 /* _config_win32.h */ = {isa = PBXFileReference; fileEncoding = 4; lastKnownFileType = sourcecode.c.h; path = _config_win32.h; sourceTree = "<group>"; };
		C38949F516B81088007D73A5 /* colony_npapi.h */ = {isa = PBXFileReference; fileEncoding = 4; lastKnownFileType = sourcecode.c.h; path = colony_npapi.h; sourceTree = "<group>"; };
		C38949F616B81088007D73A5 /* colony_npapi.pch */ = {isa = PBXFileReference; fileEncoding = 4; lastKnownFileType = sourcecode.c.h; path = colony_npapi.pch; sourceTree = "<group>"; };
		C38949F716B81088007D73A5 /* stdafx.c */ = {isa = PBXFileReference; fileEncoding = 4; lastKnownFileType = sourcecode.c.c; path = stdafx.c; sourceTree = "<group>"; };
		C38949F816B81088007D73A5 /* stdafx.h */ = {isa = PBXFileReference; fileEncoding = 4; lastKnownFileType = sourcecode.c.h; path = stdafx.h; sourceTree = "<group>"; };
		C38949F916B81088007D73A5 /* targetver.h */ = {isa = PBXFileReference; fileEncoding = 4; lastKnownFileType = sourcecode.c.h; path = targetver.h; sourceTree = "<group>"; };
		C3FDE4A016B8301B006D0BC4 /* Info.plist */ = {isa = PBXFileReference; fileEncoding = 4; lastKnownFileType = text.plist.xml; name = Info.plist; path = ../../src/colony_npapi/Info.plist; sourceTree = "<group>"; };
		C3FDE4A216B83217006D0BC4 /* libcups.dylib */ = {isa = PBXFileReference; lastKnownFileType = "compiled.mach-o.dylib"; name = libcups.dylib; path = /usr/lib/libcups.dylib; sourceTree = "<absolute>"; };
/* End PBXFileReference section */

/* Begin PBXFrameworksBuildPhase section */
		8D01CCCD0486CAD60068D4B7 /* Frameworks */ = {
			isa = PBXFrameworksBuildPhase;
			buildActionMask = 2147483647;
			files = (
				C3FDE4A316B83217006D0BC4 /* libcups.dylib in Frameworks */,
				8D01CCCE0486CAD60068D4B7 /* Carbon.framework in Frameworks */,
			);
			runOnlyForDeploymentPostprocessing = 0;
		};
/* End PBXFrameworksBuildPhase section */

/* Begin PBXGroup section */
		089C166AFE841209C02AAC07 /* BasicPlugin */ = {
			isa = PBXGroup;
			children = (
				08FB77ADFE841716C02AAC07 /* Source */,
				089C167CFE841241C02AAC07 /* Resources */,
				089C1671FE841209C02AAC07 /* Frameworks */,
				19C28FB4FE9D528D11CA2CBB /* Products */,
			);
			name = BasicPlugin;
			sourceTree = "<group>";
		};
		089C1671FE841209C02AAC07 /* Frameworks */ = {
			isa = PBXGroup;
			children = (
				C3FDE4A216B83217006D0BC4 /* libcups.dylib */,
				08EA7FFBFE8413EDC02AAC07 /* Carbon.framework */,
			);
			name = Frameworks;
			sourceTree = "<group>";
		};
		089C167CFE841241C02AAC07 /* Resources */ = {
			isa = PBXGroup;
			children = (
				C3FDE4A016B8301B006D0BC4 /* Info.plist */,
			);
			name = Resources;
			sourceTree = "<group>";
		};
		08FB77ADFE841716C02AAC07 /* Source */ = {
			isa = PBXGroup;
			children = (
				C38949BE16B80E17007D73A5 /* encoding */,
				C38949EA16B80E25007D73A5 /* global */,
				C38949C216B80E17007D73A5 /* global */,
				C38949CA16B80E17007D73A5 /* npapi */,
				C38949CF16B80E17007D73A5 /* plugin */,
				C38949D516B80E17007D73A5 /* print */,
				C38949DB16B80E17007D73A5 /* resources */,
				C2CB7CF916BBE76F00EE3E26 /* system */,
			);
			name = Source;
			sourceTree = "<group>";
		};
		19C28FB4FE9D528D11CA2CBB /* Products */ = {
			isa = PBXGroup;
			children = (
				8D01CCD20486CAD60068D4B7 /* colony_npapi.bundle */,
			);
			name = Products;
			sourceTree = "<group>";
		};
		C2CB7CF916BBE76F00EE3E26 /* system */ = {
			isa = PBXGroup;
			children = (
				C2CB7CFA16BBE76F00EE3E26 /* gui_unix.c */,
				C2CB7CFB16BBE76F00EE3E26 /* gui_unix.h */,
				C2CB7CFC16BBE76F00EE3E26 /* gui_win32.c */,
				C2CB7CFD16BBE76F00EE3E26 /* gui_win32.h */,
				C2CB7CFE16BBE76F00EE3E26 /* system.h */,
			);
			name = system;
			path = ../../src/colony_npapi/system;
			sourceTree = "<group>";
		};
		C38949BE16B80E17007D73A5 /* encoding */ = {
			isa = PBXGroup;
			children = (
				C38949BF16B80E17007D73A5 /* base_64.c */,
				C38949C016B80E17007D73A5 /* base_64.h */,
				C38949C116B80E17007D73A5 /* encoding.h */,
			);
			name = encoding;
			path = ../../src/colony_npapi/encoding;
			sourceTree = "<group>";
		};
		C38949C216B80E17007D73A5 /* global */ = {
			isa = PBXGroup;
			children = (
				C38949C316B80E17007D73A5 /* compilation.h */,
				C38949C416B80E17007D73A5 /* compiler.h */,
				C38949C516B80E17007D73A5 /* cpu.h */,
				C38949C616B80E17007D73A5 /* definitions.h */,
				C38949C716B80E17007D73A5 /* platforms.h */,
				C38949C816B80E17007D73A5 /* resource.h */,
				C38949C916B80E17007D73A5 /* targetver.h */,
			);
			name = global;
			path = ../../src/colony_npapi/global;
			sourceTree = "<group>";
		};
		C38949CA16B80E17007D73A5 /* npapi */ = {
			isa = PBXGroup;
			children = (
				C38949CB16B80E17007D73A5 /* npapi.h */,
				C38949CC16B80E17007D73A5 /* npfunctions.h */,
				C38949CD16B80E17007D73A5 /* npruntime.h */,
				C38949CE16B80E17007D73A5 /* nptypes.h */,
			);
			name = npapi;
			path = ../../src/colony_npapi/npapi;
			sourceTree = "<group>";
		};
		C38949CF16B80E17007D73A5 /* plugin */ = {
			isa = PBXGroup;
			children = (
				C38949D016B80E17007D73A5 /* base.c */,
				C38949D116B80E17007D73A5 /* base.h */,
				C38949D216B80E17007D73A5 /* plugin.h */,
				C38949D316B80E17007D73A5 /* util.c */,
				C38949D416B80E17007D73A5 /* util.h */,
			);
			name = plugin;
			path = ../../src/colony_npapi/plugin;
			sourceTree = "<group>";
		};
		C38949D516B80E17007D73A5 /* print */ = {
			isa = PBXGroup;
			children = (
				C38949D616B80E17007D73A5 /* print.h */,
				C38949D716B80E17007D73A5 /* print_unix.c */,
				C38949D816B80E17007D73A5 /* print_unix.h */,
				C38949D916B80E17007D73A5 /* print_win32.c */,
				C38949DA16B80E17007D73A5 /* print_win32.h */,
			);
			name = print;
			path = ../../src/colony_npapi/print;
			sourceTree = "<group>";
		};
		C38949DB16B80E17007D73A5 /* resources */ = {
			isa = PBXGroup;
			children = (
				C38949DC16B80E17007D73A5 /* images */,
				C38949DE16B80E17007D73A5 /* win32 */,
			);
			name = resources;
			path = ../../src/colony_npapi/resources;
			sourceTree = "<group>";
		};
		C38949DC16B80E17007D73A5 /* images */ = {
			isa = PBXGroup;
			children = (
				C38949DD16B80E17007D73A5 /* colony_icon_48.png */,
			);
			path = images;
			sourceTree = "<group>";
		};
		C38949DE16B80E17007D73A5 /* win32 */ = {
			isa = PBXGroup;
			children = (
				C38949DF16B80E17007D73A5 /* vs2008ex */,
			);
			path = win32;
			sourceTree = "<group>";
		};
		C38949DF16B80E17007D73A5 /* vs2008ex */ = {
			isa = PBXGroup;
			children = (
				C38949E016B80E17007D73A5 /* colony_npapi.def */,
				C38949E116B80E17007D73A5 /* colony_npapi.rc */,
			);
			path = vs2008ex;
			sourceTree = "<group>";
		};
		C38949EA16B80E25007D73A5 /* global */ = {
			isa = PBXGroup;
			children = (
				C38949F416B81088007D73A5 /* _config_win32.h */,
				C38949F516B81088007D73A5 /* colony_npapi.h */,
				C38949F616B81088007D73A5 /* colony_npapi.pch */,
				C38949F716B81088007D73A5 /* stdafx.c */,
				C38949F816B81088007D73A5 /* stdafx.h */,
				C38949F916B81088007D73A5 /* targetver.h */,
			);
			name = global;
			path = ../../src/colony_npapi;
			sourceTree = "<group>";
		};
/* End PBXGroup section */

/* Begin PBXNativeTarget section */
		8D01CCC60486CAD60068D4B7 /* colony_npapi */ = {
			isa = PBXNativeTarget;
			buildConfigurationList = 4FADC23308B4156C00ABE55E /* Build configuration list for PBXNativeTarget "colony_npapi" */;
			buildPhases = (
				8D01CCC90486CAD60068D4B7 /* Resources */,
				8D01CCCB0486CAD60068D4B7 /* Sources */,
				8D01CCCD0486CAD60068D4B7 /* Frameworks */,
			);
			buildRules = (
			);
			dependencies = (
			);
			name = colony_npapi;
			productInstallPath = "$(HOME)/Library/Bundles";
			productName = BasicPlugin;
			productReference = 8D01CCD20486CAD60068D4B7 /* colony_npapi.bundle */;
			productType = "com.apple.product-type.bundle";
		};
/* End PBXNativeTarget section */

/* Begin PBXProject section */
		089C1669FE841209C02AAC07 /* Project object */ = {
			isa = PBXProject;
			attributes = {
				LastUpgradeCheck = 0460;
			};
			buildConfigurationList = 4FADC23708B4156C00ABE55E /* Build configuration list for PBXProject "colony_npapi" */;
			compatibilityVersion = "Xcode 3.2";
			developmentRegion = English;
			hasScannedForEncodings = 1;
			knownRegions = (
				English,
				Japanese,
				French,
				German,
			);
			mainGroup = 089C166AFE841209C02AAC07 /* BasicPlugin */;
			projectDirPath = "";
			projectRoot = "";
			targets = (
				8D01CCC60486CAD60068D4B7 /* colony_npapi */,
			);
		};
/* End PBXProject section */

/* Begin PBXResourcesBuildPhase section */
		8D01CCC90486CAD60068D4B7 /* Resources */ = {
			isa = PBXResourcesBuildPhase;
			buildActionMask = 2147483647;
			files = (
				C38949E716B80E17007D73A5 /* colony_icon_48.png in Resources */,
				C38949E816B80E17007D73A5 /* colony_npapi.def in Resources */,
				C38949E916B80E17007D73A5 /* colony_npapi.rc in Resources */,
			);
			runOnlyForDeploymentPostprocessing = 0;
		};
/* End PBXResourcesBuildPhase section */

/* Begin PBXSourcesBuildPhase section */
		8D01CCCB0486CAD60068D4B7 /* Sources */ = {
			isa = PBXSourcesBuildPhase;
			buildActionMask = 2147483647;
			files = (
				C38949E216B80E17007D73A5 /* base_64.c in Sources */,
				C38949E316B80E17007D73A5 /* base.c in Sources */,
				C38949E416B80E17007D73A5 /* util.c in Sources */,
				C38949E516B80E17007D73A5 /* print_unix.c in Sources */,
				C38949E616B80E17007D73A5 /* print_win32.c in Sources */,
				C38949FA16B81088007D73A5 /* stdafx.c in Sources */,
				C2CB7CFF16BBE76F00EE3E26 /* gui_unix.c in Sources */,
				C2CB7D0016BBE76F00EE3E26 /* gui_win32.c in Sources */,
			);
			runOnlyForDeploymentPostprocessing = 0;
		};
/* End PBXSourcesBuildPhase section */

/* Begin XCBuildConfiguration section */
		4FADC23408B4156C00ABE55E /* Debug */ = {
			isa = XCBuildConfiguration;
			buildSettings = {
				COMBINE_HIDPI_IMAGES = YES;
				COPY_PHASE_STRIP = NO;
				GCC_DYNAMIC_NO_PIC = NO;
				GCC_MODEL_TUNING = G5;
				GCC_OPTIMIZATION_LEVEL = 0;
				GCC_PRECOMPILE_PREFIX_HEADER = YES;
				GCC_PREFIX_HEADER = ../../src/colony_npapi/colony_npapi.pch;
				INFOPLIST_FILE = ../../src/colony_npapi/Info.plist;
				INSTALL_PATH = "$(HOME)/Library/Bundles";
				PRODUCT_NAME = colony_npapi;
				WRAPPER_EXTENSION = bundle;
				ZERO_LINK = YES;
			};
			name = Debug;
		};
		4FADC23508B4156C00ABE55E /* Release */ = {
			isa = XCBuildConfiguration;
			buildSettings = {
				COMBINE_HIDPI_IMAGES = YES;
				DEBUG_INFORMATION_FORMAT = "dwarf-with-dsym";
				GCC_MODEL_TUNING = G5;
				GCC_PRECOMPILE_PREFIX_HEADER = YES;
				GCC_PREFIX_HEADER = ../../src/colony_npapi/colony_npapi.pch;
				INFOPLIST_FILE = ../../src/colony_npapi/Info.plist;
				INSTALL_PATH = "$(HOME)/Library/Bundles";
				PRODUCT_NAME = colony_npapi;
				WRAPPER_EXTENSION = bundle;
			};
			name = Release;
		};
		4FADC23808B4156C00ABE55E /* Debug */ = {
			isa = XCBuildConfiguration;
			buildSettings = {
				ARCHS = "$(ARCHS_STANDARD_32_BIT)";
				GCC_C_LANGUAGE_STANDARD = c99;
				GCC_PREPROCESSOR_DEFINITIONS = "XP_MACOSX=1";
				GCC_WARN_ABOUT_RETURN_TYPE = YES;
				GCC_WARN_UNUSED_VARIABLE = YES;
			};
			name = Debug;
		};
		4FADC23908B4156C00ABE55E /* Release */ = {
			isa = XCBuildConfiguration;
			buildSettings = {
				ARCHS = "$(ARCHS_STANDARD_32_BIT)";
				GCC_C_LANGUAGE_STANDARD = c99;
				GCC_PREPROCESSOR_DEFINITIONS = "XP_MACOSX=1";
				GCC_WARN_ABOUT_RETURN_TYPE = YES;
				GCC_WARN_UNUSED_VARIABLE = YES;
			};
			name = Release;
		};
/* End XCBuildConfiguration section */

/* Begin XCConfigurationList section */
		4FADC23308B4156C00ABE55E /* Build configuration list for PBXNativeTarget "colony_npapi" */ = {
			isa = XCConfigurationList;
			buildConfigurations = (
				4FADC23408B4156C00ABE55E /* Debug */,
				4FADC23508B4156C00ABE55E /* Release */,
			);
			defaultConfigurationIsVisible = 0;
			defaultConfigurationName = Release;
		};
		4FADC23708B4156C00ABE55E /* Build configuration list for PBXProject "colony_npapi" */ = {
			isa = XCConfigurationList;
			buildConfigurations = (
				4FADC23808B4156C00ABE55E /* Debug */,
				4FADC23908B4156C00ABE55E /* Release */,
			);
			defaultConfigurationIsVisible = 0;
			defaultConfigurationName = Release;
		};
/* End XCConfigurationList section */
	};
	rootObject = 089C1669FE841209C02AAC07 /* Project object */;
}
